
Microsoft Visual Studio Solution File, Format Version 12.00
# Visual Studio Version 17
VisualStudioVersion = 17.8.34330.188
MinimumVisualStudioVersion = 10.0.40219.1
Project("{9A19103F-16F7-4668-BE54-9A1E7A4F7556}") = "Geometry.Core", "Geometry.Core\Geometry.Core.csproj", "{E5A77D1A-EF3E-4B3C-BCC6-1CFEB5CC904E}"
EndProject
Project("{9A19103F-16F7-4668-BE54-9A1E7A4F7556}") = "GeometryConsole", "GeometryConsole\GeometryConsole.csproj", "{7C760FA9-EEAB-4BBA-8B7E-362477134312}"
EndProject
Project("{FAE04EC0-301F-11D3-BF4B-00C04F79EFBC}") = "GeometryTestSuite", "GeometryTestSuite\GeometryTestSuite.csproj", "{2DA88107-C9BF-44AC-AA85-7FDBBA4AEA34}"
EndProject
Global
	GlobalSection(SolutionConfigurationPlatforms) = preSolution
		Debug|Any CPU = Debug|Any CPU
		Release|Any CPU = Release|Any CPU
	EndGlobalSection
	GlobalSection(ProjectConfigurationPlatforms) = postSolution
		{E5A77D1A-EF3E-4B3C-BCC6-1CFEB5CC904E}.Debug|Any CPU.ActiveCfg = Debug|Any CPU
		{E5A77D1A-EF3E-4B3C-BCC6-1CFEB5CC904E}.Debug|Any CPU.Build.0 = Debug|Any CPU
		{E5A77D1A-EF3E-4B3C-BCC6-1CFEB5CC904E}.Release|Any CPU.ActiveCfg = Release|Any CPU
		{E5A77D1A-EF3E-4B3C-BCC6-1CFEB5CC904E}.Release|Any CPU.Build.0 = Release|Any CPU
		{7C760FA9-EEAB-4BBA-8B7E-362477134312}.Debug|Any CPU.ActiveCfg = Debug|Any CPU
		{7C760FA9-EEAB-4BBA-8B7E-362477134312}.Debug|Any CPU.Build.0 = Debug|Any CPU
		{7C760FA9-EEAB-4BBA-8B7E-362477134312}.Release|Any CPU.ActiveCfg = Release|Any CPU
		{7C760FA9-EEAB-4BBA-8B7E-362477134312}.Release|Any CPU.Build.0 = Release|Any CPU
		{2DA88107-C9BF-44AC-AA85-7FDBBA4AEA34}.Debug|Any CPU.ActiveCfg = Debug|Any CPU
		{2DA88107-C9BF-44AC-AA85-7FDBBA4AEA34}.Debug|Any CPU.Build.0 = Debug|Any CPU
		{2DA88107-C9BF-44AC-AA85-7FDBBA4AEA34}.Release|Any CPU.ActiveCfg = Release|Any CPU
		{2DA88107-C9BF-44AC-AA85-7FDBBA4AEA34}.Release|Any CPU.Build.0 = Release|Any CPU
	EndGlobalSection
	GlobalSection(SolutionProperties) = preSolution
		HideSolutionNode = FALSE
	EndGlobalSection
	GlobalSection(ExtensibilityGlobals) = postSolution
		SolutionGuid = {C9959140-2756-4753-9096-294802EAC641}
	EndGlobalSection
EndGlobal
